// !$*UTF8*$!
{
	archiveVersion = 1;
	classes = {
	};
	objectVersion = 50;
	objects = {

/* Begin PBXBuildFile section */
		2971776E25A8695C00A32278 /* AppDelegate.swift in Sources */ = {isa = PBXBuildFile; fileRef = 2971776D25A8695C00A32278 /* AppDelegate.swift */; };
		2971777025A8695C00A32278 /* SceneDelegate.swift in Sources */ = {isa = PBXBuildFile; fileRef = 2971776F25A8695C00A32278 /* SceneDelegate.swift */; };
		2971777225A8695C00A32278 /* FirstViewController.swift in Sources */ = {isa = PBXBuildFile; fileRef = 2971777125A8695C00A32278 /* FirstViewController.swift */; };
		2971777425A8695C00A32278 /* SecondViewController.swift in Sources */ = {isa = PBXBuildFile; fileRef = 2971777325A8695C00A32278 /* SecondViewController.swift */; };
		2971777725A8695C00A32278 /* Main.storyboard in Resources */ = {isa = PBXBuildFile; fileRef = 2971777525A8695C00A32278 /* Main.storyboard */; };
		2971777925A8695F00A32278 /* Assets.xcassets in Resources */ = {isa = PBXBuildFile; fileRef = 2971777825A8695F00A32278 /* Assets.xcassets */; };
		2971777C25A8695F00A32278 /* LaunchScreen.storyboard in Resources */ = {isa = PBXBuildFile; fileRef = 2971777A25A8695F00A32278 /* LaunchScreen.storyboard */; };
		2971778725A8695F00A32278 /* CollectiveTests.swift in Sources */ = {isa = PBXBuildFile; fileRef = 2971778625A8695F00A32278 /* CollectiveTests.swift */; };
		2971779225A8695F00A32278 /* CollectiveUITests.swift in Sources */ = {isa = PBXBuildFile; fileRef = 2971779125A8695F00A32278 /* CollectiveUITests.swift */; };
		297177A025A977C900A32278 /* HomeModel.swift in Sources */ = {isa = PBXBuildFile; fileRef = 2971779F25A977C900A32278 /* HomeModel.swift */; };
		297177A225A977DD00A32278 /* TestTableModel.swift in Sources */ = {isa = PBXBuildFile; fileRef = 297177A125A977DD00A32278 /* TestTableModel.swift */; };
		297177A725AA9BA900A32278 /* SignUpViewController.swift in Sources */ = {isa = PBXBuildFile; fileRef = 297177A625AA9BA900A32278 /* SignUpViewController.swift */; };
		297177A925AAB66A00A32278 /* AuthViewController.swift in Sources */ = {isa = PBXBuildFile; fileRef = 297177A825AAB66A00A32278 /* AuthViewController.swift */; };
		297177AE25AAB76500A32278 /* Network.swift in Sources */ = {isa = PBXBuildFile; fileRef = 297177AD25AAB76500A32278 /* Network.swift */; };
		297177B025AAB80A00A32278 /* AuthModel.swift in Sources */ = {isa = PBXBuildFile; fileRef = 297177AF25AAB80A00A32278 /* AuthModel.swift */; };
		297177B225AC1B5F00A32278 /* User.swift in Sources */ = {isa = PBXBuildFile; fileRef = 297177B125AC1B5F00A32278 /* User.swift */; };
		297177B425AC21BA00A32278 /* ProfileViewController.swift in Sources */ = {isa = PBXBuildFile; fileRef = 297177B325AC21BA00A32278 /* ProfileViewController.swift */; };
		297177B625AC56D500A32278 /* Category.swift in Sources */ = {isa = PBXBuildFile; fileRef = 297177B525AC56D500A32278 /* Category.swift */; };
		297177B825AC64A600A32278 /* ForumsViewController.swift in Sources */ = {isa = PBXBuildFile; fileRef = 297177B725AC64A500A32278 /* ForumsViewController.swift */; };
		297177BA25AC66F200A32278 /* Categories.swift in Sources */ = {isa = PBXBuildFile; fileRef = 297177B925AC66F200A32278 /* Categories.swift */; };
		297177BC25AC774200A32278 /* Topic.swift in Sources */ = {isa = PBXBuildFile; fileRef = 297177BB25AC774200A32278 /* Topic.swift */; };
		297177BE25AC774D00A32278 /* Topics.swift in Sources */ = {isa = PBXBuildFile; fileRef = 297177BD25AC774D00A32278 /* Topics.swift */; };
		297177C025AC7B8000A32278 /* TopicsViewController.swift in Sources */ = {isa = PBXBuildFile; fileRef = 297177BF25AC7B8000A32278 /* TopicsViewController.swift */; };
		297177C225AC83A700A32278 /* Post.swift in Sources */ = {isa = PBXBuildFile; fileRef = 297177C125AC83A700A32278 /* Post.swift */; };
		297177C425AC83B000A32278 /* Posts.swift in Sources */ = {isa = PBXBuildFile; fileRef = 297177C325AC83B000A32278 /* Posts.swift */; };
		297177C625AC85ED00A32278 /* PostsViewController.swift in Sources */ = {isa = PBXBuildFile; fileRef = 297177C525AC85ED00A32278 /* PostsViewController.swift */; };
		297177CA25AC9DAB00A32278 /* Item.swift in Sources */ = {isa = PBXBuildFile; fileRef = 297177C925AC9DAB00A32278 /* Item.swift */; };
		297177CC25AC9DB400A32278 /* Items.swift in Sources */ = {isa = PBXBuildFile; fileRef = 297177CB25AC9DB400A32278 /* Items.swift */; };
		297177CE25AC9F2900A32278 /* CategoriesViewController.swift in Sources */ = {isa = PBXBuildFile; fileRef = 297177CD25AC9F2900A32278 /* CategoriesViewController.swift */; };
		297177D025AC9F7600A32278 /* ItemsViewController.swift in Sources */ = {isa = PBXBuildFile; fileRef = 297177CF25AC9F7600A32278 /* ItemsViewController.swift */; };
/* End PBXBuildFile section */

/* Begin PBXContainerItemProxy section */
		2971778325A8695F00A32278 /* PBXContainerItemProxy */ = {
			isa = PBXContainerItemProxy;
			containerPortal = 2971776225A8695C00A32278 /* Project object */;
			proxyType = 1;
			remoteGlobalIDString = 2971776925A8695C00A32278;
			remoteInfo = Collective;
		};
		2971778E25A8695F00A32278 /* PBXContainerItemProxy */ = {
			isa = PBXContainerItemProxy;
			containerPortal = 2971776225A8695C00A32278 /* Project object */;
			proxyType = 1;
			remoteGlobalIDString = 2971776925A8695C00A32278;
			remoteInfo = Collective;
		};
/* End PBXContainerItemProxy section */

/* Begin PBXFileReference section */
		2971776A25A8695C00A32278 /* Collective.app */ = {isa = PBXFileReference; explicitFileType = wrapper.application; includeInIndex = 0; path = Collective.app; sourceTree = BUILT_PRODUCTS_DIR; };
		2971776D25A8695C00A32278 /* AppDelegate.swift */ = {isa = PBXFileReference; lastKnownFileType = sourcecode.swift; path = AppDelegate.swift; sourceTree = "<group>"; };
		2971776F25A8695C00A32278 /* SceneDelegate.swift */ = {isa = PBXFileReference; lastKnownFileType = sourcecode.swift; path = SceneDelegate.swift; sourceTree = "<group>"; };
		2971777125A8695C00A32278 /* FirstViewController.swift */ = {isa = PBXFileReference; lastKnownFileType = sourcecode.swift; path = FirstViewController.swift; sourceTree = "<group>"; };
		2971777325A8695C00A32278 /* SecondViewController.swift */ = {isa = PBXFileReference; lastKnownFileType = sourcecode.swift; path = SecondViewController.swift; sourceTree = "<group>"; };
		2971777625A8695C00A32278 /* Base */ = {isa = PBXFileReference; lastKnownFileType = file.storyboard; name = Base; path = Base.lproj/Main.storyboard; sourceTree = "<group>"; };
		2971777825A8695F00A32278 /* Assets.xcassets */ = {isa = PBXFileReference; lastKnownFileType = folder.assetcatalog; path = Assets.xcassets; sourceTree = "<group>"; };
		2971777B25A8695F00A32278 /* Base */ = {isa = PBXFileReference; lastKnownFileType = file.storyboard; name = Base; path = Base.lproj/LaunchScreen.storyboard; sourceTree = "<group>"; };
		2971777D25A8695F00A32278 /* Info.plist */ = {isa = PBXFileReference; lastKnownFileType = text.plist.xml; path = Info.plist; sourceTree = "<group>"; };
		2971778225A8695F00A32278 /* CollectiveTests.xctest */ = {isa = PBXFileReference; explicitFileType = wrapper.cfbundle; includeInIndex = 0; path = CollectiveTests.xctest; sourceTree = BUILT_PRODUCTS_DIR; };
		2971778625A8695F00A32278 /* CollectiveTests.swift */ = {isa = PBXFileReference; lastKnownFileType = sourcecode.swift; path = CollectiveTests.swift; sourceTree = "<group>"; };
		2971778825A8695F00A32278 /* Info.plist */ = {isa = PBXFileReference; lastKnownFileType = text.plist.xml; path = Info.plist; sourceTree = "<group>"; };
		2971778D25A8695F00A32278 /* CollectiveUITests.xctest */ = {isa = PBXFileReference; explicitFileType = wrapper.cfbundle; includeInIndex = 0; path = CollectiveUITests.xctest; sourceTree = BUILT_PRODUCTS_DIR; };
		2971779125A8695F00A32278 /* CollectiveUITests.swift */ = {isa = PBXFileReference; lastKnownFileType = sourcecode.swift; path = CollectiveUITests.swift; sourceTree = "<group>"; };
		2971779325A8695F00A32278 /* Info.plist */ = {isa = PBXFileReference; lastKnownFileType = text.plist.xml; path = Info.plist; sourceTree = "<group>"; };
		2971779F25A977C900A32278 /* HomeModel.swift */ = {isa = PBXFileReference; lastKnownFileType = sourcecode.swift; path = HomeModel.swift; sourceTree = "<group>"; };
		297177A125A977DD00A32278 /* TestTableModel.swift */ = {isa = PBXFileReference; lastKnownFileType = sourcecode.swift; path = TestTableModel.swift; sourceTree = "<group>"; };
		297177A625AA9BA900A32278 /* SignUpViewController.swift */ = {isa = PBXFileReference; lastKnownFileType = sourcecode.swift; path = SignUpViewController.swift; sourceTree = "<group>"; };
		297177A825AAB66A00A32278 /* AuthViewController.swift */ = {isa = PBXFileReference; lastKnownFileType = sourcecode.swift; path = AuthViewController.swift; sourceTree = "<group>"; };
		297177AD25AAB76500A32278 /* Network.swift */ = {isa = PBXFileReference; lastKnownFileType = sourcecode.swift; path = Network.swift; sourceTree = "<group>"; };
		297177AF25AAB80A00A32278 /* AuthModel.swift */ = {isa = PBXFileReference; lastKnownFileType = sourcecode.swift; path = AuthModel.swift; sourceTree = "<group>"; };
		297177B125AC1B5F00A32278 /* User.swift */ = {isa = PBXFileReference; lastKnownFileType = sourcecode.swift; path = User.swift; sourceTree = "<group>"; };
		297177B325AC21BA00A32278 /* ProfileViewController.swift */ = {isa = PBXFileReference; lastKnownFileType = sourcecode.swift; path = ProfileViewController.swift; sourceTree = "<group>"; };
		297177B525AC56D500A32278 /* Category.swift */ = {isa = PBXFileReference; lastKnownFileType = sourcecode.swift; path = Category.swift; sourceTree = "<group>"; };
		297177B725AC64A500A32278 /* ForumsViewController.swift */ = {isa = PBXFileReference; lastKnownFileType = sourcecode.swift; path = ForumsViewController.swift; sourceTree = "<group>"; };
		297177B925AC66F200A32278 /* Categories.swift */ = {isa = PBXFileReference; lastKnownFileType = sourcecode.swift; path = Categories.swift; sourceTree = "<group>"; };
		297177BB25AC774200A32278 /* Topic.swift */ = {isa = PBXFileReference; lastKnownFileType = sourcecode.swift; path = Topic.swift; sourceTree = "<group>"; };
		297177BD25AC774D00A32278 /* Topics.swift */ = {isa = PBXFileReference; lastKnownFileType = sourcecode.swift; path = Topics.swift; sourceTree = "<group>"; };
		297177BF25AC7B8000A32278 /* TopicsViewController.swift */ = {isa = PBXFileReference; lastKnownFileType = sourcecode.swift; path = TopicsViewController.swift; sourceTree = "<group>"; };
		297177C125AC83A700A32278 /* Post.swift */ = {isa = PBXFileReference; lastKnownFileType = sourcecode.swift; path = Post.swift; sourceTree = "<group>"; };
		297177C325AC83B000A32278 /* Posts.swift */ = {isa = PBXFileReference; lastKnownFileType = sourcecode.swift; path = Posts.swift; sourceTree = "<group>"; };
		297177C525AC85ED00A32278 /* PostsViewController.swift */ = {isa = PBXFileReference; lastKnownFileType = sourcecode.swift; path = PostsViewController.swift; sourceTree = "<group>"; };
		297177C925AC9DAB00A32278 /* Item.swift */ = {isa = PBXFileReference; lastKnownFileType = sourcecode.swift; path = Item.swift; sourceTree = "<group>"; };
		297177CB25AC9DB400A32278 /* Items.swift */ = {isa = PBXFileReference; lastKnownFileType = sourcecode.swift; path = Items.swift; sourceTree = "<group>"; };
		297177CD25AC9F2900A32278 /* CategoriesViewController.swift */ = {isa = PBXFileReference; lastKnownFileType = sourcecode.swift; path = CategoriesViewController.swift; sourceTree = "<group>"; };
		297177CF25AC9F7600A32278 /* ItemsViewController.swift */ = {isa = PBXFileReference; lastKnownFileType = sourcecode.swift; path = ItemsViewController.swift; sourceTree = "<group>"; };
/* End PBXFileReference section */

/* Begin PBXFrameworksBuildPhase section */
		2971776725A8695C00A32278 /* Frameworks */ = {
			isa = PBXFrameworksBuildPhase;
			buildActionMask = 2147483647;
			files = (
			);
			runOnlyForDeploymentPostprocessing = 0;
		};
		2971777F25A8695F00A32278 /* Frameworks */ = {
			isa = PBXFrameworksBuildPhase;
			buildActionMask = 2147483647;
			files = (
			);
			runOnlyForDeploymentPostprocessing = 0;
		};
		2971778A25A8695F00A32278 /* Frameworks */ = {
			isa = PBXFrameworksBuildPhase;
			buildActionMask = 2147483647;
			files = (
			);
			runOnlyForDeploymentPostprocessing = 0;
		};
/* End PBXFrameworksBuildPhase section */

/* Begin PBXGroup section */
		2971776125A8695C00A32278 = {
			isa = PBXGroup;
			children = (
				2971776C25A8695C00A32278 /* Collective */,
				2971778525A8695F00A32278 /* CollectiveTests */,
				2971779025A8695F00A32278 /* CollectiveUITests */,
				2971776B25A8695C00A32278 /* Products */,
			);
			sourceTree = "<group>";
		};
		2971776B25A8695C00A32278 /* Products */ = {
			isa = PBXGroup;
			children = (
				2971776A25A8695C00A32278 /* Collective.app */,
				2971778225A8695F00A32278 /* CollectiveTests.xctest */,
				2971778D25A8695F00A32278 /* CollectiveUITests.xctest */,
			);
			name = Products;
			sourceTree = "<group>";
		};
		2971776C25A8695C00A32278 /* Collective */ = {
			isa = PBXGroup;
			children = (
				2971776D25A8695C00A32278 /* AppDelegate.swift */,
				2971776F25A8695C00A32278 /* SceneDelegate.swift */,
				297177AA25AAB67200A32278 /* Model */,
				297177AC25AAB6A000A32278 /* View */,
				297177AB25AAB68200A32278 /* Controller */,
				2971777825A8695F00A32278 /* Assets.xcassets */,
				2971777D25A8695F00A32278 /* Info.plist */,
			);
			path = Collective;
			sourceTree = "<group>";
		};
		2971778525A8695F00A32278 /* CollectiveTests */ = {
			isa = PBXGroup;
			children = (
				2971778625A8695F00A32278 /* CollectiveTests.swift */,
				2971778825A8695F00A32278 /* Info.plist */,
			);
			path = CollectiveTests;
			sourceTree = "<group>";
		};
		2971779025A8695F00A32278 /* CollectiveUITests */ = {
			isa = PBXGroup;
			children = (
				2971779125A8695F00A32278 /* CollectiveUITests.swift */,
				2971779325A8695F00A32278 /* Info.plist */,
			);
			path = CollectiveUITests;
			sourceTree = "<group>";
		};
		297177AA25AAB67200A32278 /* Model */ = {
			isa = PBXGroup;
			children = (
				297177AD25AAB76500A32278 /* Network.swift */,
				2971779F25A977C900A32278 /* HomeModel.swift */,
				297177AF25AAB80A00A32278 /* AuthModel.swift */,
				297177B125AC1B5F00A32278 /* User.swift */,
				297177B525AC56D500A32278 /* Category.swift */,
				297177B925AC66F200A32278 /* Categories.swift */,
				297177C925AC9DAB00A32278 /* Item.swift */,
				297177CB25AC9DB400A32278 /* Items.swift */,
				297177C825AC8E5800A32278 /* Forums */,
				297177A125A977DD00A32278 /* TestTableModel.swift */,
			);
			path = Model;
			sourceTree = "<group>";
		};
		297177AB25AAB68200A32278 /* Controller */ = {
			isa = PBXGroup;
			children = (
				297177A825AAB66A00A32278 /* AuthViewController.swift */,
				297177A625AA9BA900A32278 /* SignUpViewController.swift */,
				2971777125A8695C00A32278 /* FirstViewController.swift */,
				2971777325A8695C00A32278 /* SecondViewController.swift */,
				297177CD25AC9F2900A32278 /* CategoriesViewController.swift */,
				297177CF25AC9F7600A32278 /* ItemsViewController.swift */,
				297177C725AC8E3600A32278 /* Forums */,
				297177B325AC21BA00A32278 /* ProfileViewController.swift */,
			);
			path = Controller;
			sourceTree = "<group>";
		};
		297177AC25AAB6A000A32278 /* View */ = {
			isa = PBXGroup;
			children = (
				2971777525A8695C00A32278 /* Main.storyboard */,
				2971777A25A8695F00A32278 /* LaunchScreen.storyboard */,
			);
			path = View;
			sourceTree = "<group>";
		};
		297177C725AC8E3600A32278 /* Forums */ = {
			isa = PBXGroup;
			children = (
				297177B725AC64A500A32278 /* ForumsViewController.swift */,
				297177BF25AC7B8000A32278 /* TopicsViewController.swift */,
				297177C525AC85ED00A32278 /* PostsViewController.swift */,
			);
			path = Forums;
			sourceTree = "<group>";
		};
		297177C825AC8E5800A32278 /* Forums */ = {
			isa = PBXGroup;
			children = (
				297177BB25AC774200A32278 /* Topic.swift */,
				297177BD25AC774D00A32278 /* Topics.swift */,
				297177C125AC83A700A32278 /* Post.swift */,
				297177C325AC83B000A32278 /* Posts.swift */,
			);
			path = Forums;
			sourceTree = "<group>";
		};
/* End PBXGroup section */

/* Begin PBXNativeTarget section */
		2971776925A8695C00A32278 /* Collective */ = {
			isa = PBXNativeTarget;
			buildConfigurationList = 2971779625A8695F00A32278 /* Build configuration list for PBXNativeTarget "Collective" */;
			buildPhases = (
				2971776625A8695C00A32278 /* Sources */,
				2971776725A8695C00A32278 /* Frameworks */,
				2971776825A8695C00A32278 /* Resources */,
			);
			buildRules = (
			);
			dependencies = (
			);
			name = Collective;
			productName = Collective;
			productReference = 2971776A25A8695C00A32278 /* Collective.app */;
			productType = "com.apple.product-type.application";
		};
		2971778125A8695F00A32278 /* CollectiveTests */ = {
			isa = PBXNativeTarget;
			buildConfigurationList = 2971779925A8695F00A32278 /* Build configuration list for PBXNativeTarget "CollectiveTests" */;
			buildPhases = (
				2971777E25A8695F00A32278 /* Sources */,
				2971777F25A8695F00A32278 /* Frameworks */,
				2971778025A8695F00A32278 /* Resources */,
			);
			buildRules = (
			);
			dependencies = (
				2971778425A8695F00A32278 /* PBXTargetDependency */,
			);
			name = CollectiveTests;
			productName = CollectiveTests;
			productReference = 2971778225A8695F00A32278 /* CollectiveTests.xctest */;
			productType = "com.apple.product-type.bundle.unit-test";
		};
		2971778C25A8695F00A32278 /* CollectiveUITests */ = {
			isa = PBXNativeTarget;
			buildConfigurationList = 2971779C25A8695F00A32278 /* Build configuration list for PBXNativeTarget "CollectiveUITests" */;
			buildPhases = (
				2971778925A8695F00A32278 /* Sources */,
				2971778A25A8695F00A32278 /* Frameworks */,
				2971778B25A8695F00A32278 /* Resources */,
			);
			buildRules = (
			);
			dependencies = (
				2971778F25A8695F00A32278 /* PBXTargetDependency */,
			);
			name = CollectiveUITests;
			productName = CollectiveUITests;
			productReference = 2971778D25A8695F00A32278 /* CollectiveUITests.xctest */;
			productType = "com.apple.product-type.bundle.ui-testing";
		};
/* End PBXNativeTarget section */

/* Begin PBXProject section */
		2971776225A8695C00A32278 /* Project object */ = {
			isa = PBXProject;
			attributes = {
				LastSwiftUpdateCheck = 1130;
				LastUpgradeCheck = 1130;
				ORGANIZATIONNAME = "Angelina Olmedo";
				TargetAttributes = {
					2971776925A8695C00A32278 = {
						CreatedOnToolsVersion = 11.3.1;
					};
					2971778125A8695F00A32278 = {
						CreatedOnToolsVersion = 11.3.1;
						TestTargetID = 2971776925A8695C00A32278;
					};
					2971778C25A8695F00A32278 = {
						CreatedOnToolsVersion = 11.3.1;
						TestTargetID = 2971776925A8695C00A32278;
					};
				};
			};
			buildConfigurationList = 2971776525A8695C00A32278 /* Build configuration list for PBXProject "Collective" */;
			compatibilityVersion = "Xcode 9.3";
			developmentRegion = en;
			hasScannedForEncodings = 0;
			knownRegions = (
				en,
				Base,
			);
			mainGroup = 2971776125A8695C00A32278;
			productRefGroup = 2971776B25A8695C00A32278 /* Products */;
			projectDirPath = "";
			projectRoot = "";
			targets = (
				2971776925A8695C00A32278 /* Collective */,
				2971778125A8695F00A32278 /* CollectiveTests */,
				2971778C25A8695F00A32278 /* CollectiveUITests */,
			);
		};
/* End PBXProject section */

/* Begin PBXResourcesBuildPhase section */
		2971776825A8695C00A32278 /* Resources */ = {
			isa = PBXResourcesBuildPhase;
			buildActionMask = 2147483647;
			files = (
				2971777C25A8695F00A32278 /* LaunchScreen.storyboard in Resources */,
				2971777925A8695F00A32278 /* Assets.xcassets in Resources */,
				2971777725A8695C00A32278 /* Main.storyboard in Resources */,
			);
			runOnlyForDeploymentPostprocessing = 0;
		};
		2971778025A8695F00A32278 /* Resources */ = {
			isa = PBXResourcesBuildPhase;
			buildActionMask = 2147483647;
			files = (
			);
			runOnlyForDeploymentPostprocessing = 0;
		};
		2971778B25A8695F00A32278 /* Resources */ = {
			isa = PBXResourcesBuildPhase;
			buildActionMask = 2147483647;
			files = (
			);
			runOnlyForDeploymentPostprocessing = 0;
		};
/* End PBXResourcesBuildPhase section */

/* Begin PBXSourcesBuildPhase section */
		2971776625A8695C00A32278 /* Sources */ = {
			isa = PBXSourcesBuildPhase;
			buildActionMask = 2147483647;
			files = (
				297177C625AC85ED00A32278 /* PostsViewController.swift in Sources */,
				2971777425A8695C00A32278 /* SecondViewController.swift in Sources */,
				297177A725AA9BA900A32278 /* SignUpViewController.swift in Sources */,
				297177BA25AC66F200A32278 /* Categories.swift in Sources */,
				297177BE25AC774D00A32278 /* Topics.swift in Sources */,
				2971777225A8695C00A32278 /* FirstViewController.swift in Sources */,
				297177CA25AC9DAB00A32278 /* Item.swift in Sources */,
				2971776E25A8695C00A32278 /* AppDelegate.swift in Sources */,
				297177BC25AC774200A32278 /* Topic.swift in Sources */,
				297177C425AC83B000A32278 /* Posts.swift in Sources */,
				297177A925AAB66A00A32278 /* AuthViewController.swift in Sources */,
				297177AE25AAB76500A32278 /* Network.swift in Sources */,
				297177B425AC21BA00A32278 /* ProfileViewController.swift in Sources */,
				297177CC25AC9DB400A32278 /* Items.swift in Sources */,
				297177CE25AC9F2900A32278 /* CategoriesViewController.swift in Sources */,
				297177A025A977C900A32278 /* HomeModel.swift in Sources */,
				297177A225A977DD00A32278 /* TestTableModel.swift in Sources */,
				297177B625AC56D500A32278 /* Category.swift in Sources */,
				297177B825AC64A600A32278 /* ForumsViewController.swift in Sources */,
				297177C025AC7B8000A32278 /* TopicsViewController.swift in Sources */,
				297177D025AC9F7600A32278 /* ItemsViewController.swift in Sources */,
				2971777025A8695C00A32278 /* SceneDelegate.swift in Sources */,
				297177C225AC83A700A32278 /* Post.swift in Sources */,
				297177B025AAB80A00A32278 /* AuthModel.swift in Sources */,
				297177B225AC1B5F00A32278 /* User.swift in Sources */,
			);
			runOnlyForDeploymentPostprocessing = 0;
		};
		2971777E25A8695F00A32278 /* Sources */ = {
			isa = PBXSourcesBuildPhase;
			buildActionMask = 2147483647;
			files = (
				2971778725A8695F00A32278 /* CollectiveTests.swift in Sources */,
			);
			runOnlyForDeploymentPostprocessing = 0;
		};
		2971778925A8695F00A32278 /* Sources */ = {
			isa = PBXSourcesBuildPhase;
			buildActionMask = 2147483647;
			files = (
				2971779225A8695F00A32278 /* CollectiveUITests.swift in Sources */,
			);
			runOnlyForDeploymentPostprocessing = 0;
		};
/* End PBXSourcesBuildPhase section */

/* Begin PBXTargetDependency section */
		2971778425A8695F00A32278 /* PBXTargetDependency */ = {
			isa = PBXTargetDependency;
			target = 2971776925A8695C00A32278 /* Collective */;
			targetProxy = 2971778325A8695F00A32278 /* PBXContainerItemProxy */;
		};
		2971778F25A8695F00A32278 /* PBXTargetDependency */ = {
			isa = PBXTargetDependency;
			target = 2971776925A8695C00A32278 /* Collective */;
			targetProxy = 2971778E25A8695F00A32278 /* PBXContainerItemProxy */;
		};
/* End PBXTargetDependency section */

/* Begin PBXVariantGroup section */
		2971777525A8695C00A32278 /* Main.storyboard */ = {
			isa = PBXVariantGroup;
			children = (
				2971777625A8695C00A32278 /* Base */,
			);
			name = Main.storyboard;
			sourceTree = "<group>";
		};
		2971777A25A8695F00A32278 /* LaunchScreen.storyboard */ = {
			isa = PBXVariantGroup;
			children = (
				2971777B25A8695F00A32278 /* Base */,
			);
			name = LaunchScreen.storyboard;
			sourceTree = "<group>";
		};
/* End PBXVariantGroup section */

/* Begin XCBuildConfiguration section */
		2971779425A8695F00A32278 /* Debug */ = {
			isa = XCBuildConfiguration;
			buildSettings = {
				ALWAYS_SEARCH_USER_PATHS = NO;
				CLANG_ANALYZER_NONNULL = YES;
				CLANG_ANALYZER_NUMBER_OBJECT_CONVERSION = YES_AGGRESSIVE;
				CLANG_CXX_LANGUAGE_STANDARD = "gnu++14";
				CLANG_CXX_LIBRARY = "libc++";
				CLANG_ENABLE_MODULES = YES;
				CLANG_ENABLE_OBJC_ARC = YES;
				CLANG_ENABLE_OBJC_WEAK = YES;
				CLANG_WARN_BLOCK_CAPTURE_AUTORELEASING = YES;
				CLANG_WARN_BOOL_CONVERSION = YES;
				CLANG_WARN_COMMA = YES;
				CLANG_WARN_CONSTANT_CONVERSION = YES;
				CLANG_WARN_DEPRECATED_OBJC_IMPLEMENTATIONS = YES;
				CLANG_WARN_DIRECT_OBJC_ISA_USAGE = YES_ERROR;
				CLANG_WARN_DOCUMENTATION_COMMENTS = YES;
				CLANG_WARN_EMPTY_BODY = YES;
				CLANG_WARN_ENUM_CONVERSION = YES;
				CLANG_WARN_INFINITE_RECURSION = YES;
				CLANG_WARN_INT_CONVERSION = YES;
				CLANG_WARN_NON_LITERAL_NULL_CONVERSION = YES;
				CLANG_WARN_OBJC_IMPLICIT_RETAIN_SELF = YES;
				CLANG_WARN_OBJC_LITERAL_CONVERSION = YES;
				CLANG_WARN_OBJC_ROOT_CLASS = YES_ERROR;
				CLANG_WARN_RANGE_LOOP_ANALYSIS = YES;
				CLANG_WARN_STRICT_PROTOTYPES = YES;
				CLANG_WARN_SUSPICIOUS_MOVE = YES;
				CLANG_WARN_UNGUARDED_AVAILABILITY = YES_AGGRESSIVE;
				CLANG_WARN_UNREACHABLE_CODE = YES;
				CLANG_WARN__DUPLICATE_METHOD_MATCH = YES;
				COPY_PHASE_STRIP = NO;
				DEBUG_INFORMATION_FORMAT = dwarf;
				ENABLE_STRICT_OBJC_MSGSEND = YES;
				ENABLE_TESTABILITY = YES;
				GCC_C_LANGUAGE_STANDARD = gnu11;
				GCC_DYNAMIC_NO_PIC = NO;
				GCC_NO_COMMON_BLOCKS = YES;
				GCC_OPTIMIZATION_LEVEL = 0;
				GCC_PREPROCESSOR_DEFINITIONS = (
					"DEBUG=1",
					"$(inherited)",
				);
				GCC_WARN_64_TO_32_BIT_CONVERSION = YES;
				GCC_WARN_ABOUT_RETURN_TYPE = YES_ERROR;
				GCC_WARN_UNDECLARED_SELECTOR = YES;
				GCC_WARN_UNINITIALIZED_AUTOS = YES_AGGRESSIVE;
				GCC_WARN_UNUSED_FUNCTION = YES;
				GCC_WARN_UNUSED_VARIABLE = YES;
				IPHONEOS_DEPLOYMENT_TARGET = 13.2;
				MTL_ENABLE_DEBUG_INFO = INCLUDE_SOURCE;
				MTL_FAST_MATH = YES;
				ONLY_ACTIVE_ARCH = YES;
				SDKROOT = iphoneos;
				SWIFT_ACTIVE_COMPILATION_CONDITIONS = DEBUG;
				SWIFT_OPTIMIZATION_LEVEL = "-Onone";
			};
			name = Debug;
		};
		2971779525A8695F00A32278 /* Release */ = {
			isa = XCBuildConfiguration;
			buildSettings = {
				ALWAYS_SEARCH_USER_PATHS = NO;
				CLANG_ANALYZER_NONNULL = YES;
				CLANG_ANALYZER_NUMBER_OBJECT_CONVERSION = YES_AGGRESSIVE;
				CLANG_CXX_LANGUAGE_STANDARD = "gnu++14";
				CLANG_CXX_LIBRARY = "libc++";
				CLANG_ENABLE_MODULES = YES;
				CLANG_ENABLE_OBJC_ARC = YES;
				CLANG_ENABLE_OBJC_WEAK = YES;
				CLANG_WARN_BLOCK_CAPTURE_AUTORELEASING = YES;
				CLANG_WARN_BOOL_CONVERSION = YES;
				CLANG_WARN_COMMA = YES;
				CLANG_WARN_CONSTANT_CONVERSION = YES;
				CLANG_WARN_DEPRECATED_OBJC_IMPLEMENTATIONS = YES;
				CLANG_WARN_DIRECT_OBJC_ISA_USAGE = YES_ERROR;
				CLANG_WARN_DOCUMENTATION_COMMENTS = YES;
				CLANG_WARN_EMPTY_BODY = YES;
				CLANG_WARN_ENUM_CONVERSION = YES;
				CLANG_WARN_INFINITE_RECURSION = YES;
				CLANG_WARN_INT_CONVERSION = YES;
				CLANG_WARN_NON_LITERAL_NULL_CONVERSION = YES;
				CLANG_WARN_OBJC_IMPLICIT_RETAIN_SELF = YES;
				CLANG_WARN_OBJC_LITERAL_CONVERSION = YES;
				CLANG_WARN_OBJC_ROOT_CLASS = YES_ERROR;
				CLANG_WARN_RANGE_LOOP_ANALYSIS = YES;
				CLANG_WARN_STRICT_PROTOTYPES = YES;
				CLANG_WARN_SUSPICIOUS_MOVE = YES;
				CLANG_WARN_UNGUARDED_AVAILABILITY = YES_AGGRESSIVE;
				CLANG_WARN_UNREACHABLE_CODE = YES;
				CLANG_WARN__DUPLICATE_METHOD_MATCH = YES;
				COPY_PHASE_STRIP = NO;
				DEBUG_INFORMATION_FORMAT = "dwarf-with-dsym";
				ENABLE_NS_ASSERTIONS = NO;
				ENABLE_STRICT_OBJC_MSGSEND = YES;
				GCC_C_LANGUAGE_STANDARD = gnu11;
				GCC_NO_COMMON_BLOCKS = YES;
				GCC_WARN_64_TO_32_BIT_CONVERSION = YES;
				GCC_WARN_ABOUT_RETURN_TYPE = YES_ERROR;
				GCC_WARN_UNDECLARED_SELECTOR = YES;
				GCC_WARN_UNINITIALIZED_AUTOS = YES_AGGRESSIVE;
				GCC_WARN_UNUSED_FUNCTION = YES;
				GCC_WARN_UNUSED_VARIABLE = YES;
				IPHONEOS_DEPLOYMENT_TARGET = 13.2;
				MTL_ENABLE_DEBUG_INFO = NO;
				MTL_FAST_MATH = YES;
				SDKROOT = iphoneos;
				SWIFT_COMPILATION_MODE = wholemodule;
				SWIFT_OPTIMIZATION_LEVEL = "-O";
				VALIDATE_PRODUCT = YES;
			};
			name = Release;
		};
		2971779725A8695F00A32278 /* Debug */ = {
			isa = XCBuildConfiguration;
			buildSettings = {
				ASSETCATALOG_COMPILER_APPICON_NAME = AppIcon;
				CODE_SIGN_STYLE = Automatic;
				DEVELOPMENT_TEAM = U774TM88M6;
				INFOPLIST_FILE = Collective/Info.plist;
				LD_RUNPATH_SEARCH_PATHS = (
					"$(inherited)",
					"@executable_path/Frameworks",
				);
				PRODUCT_BUNDLE_IDENTIFIER = com.makeschool.Collective;
				PRODUCT_NAME = "$(TARGET_NAME)";
				SWIFT_VERSION = 5.0;
				TARGETED_DEVICE_FAMILY = "1,2";
			};
			name = Debug;
		};
		2971779825A8695F00A32278 /* Release */ = {
			isa = XCBuildConfiguration;
			buildSettings = {
				ASSETCATALOG_COMPILER_APPICON_NAME = AppIcon;
				CODE_SIGN_STYLE = Automatic;
				DEVELOPMENT_TEAM = U774TM88M6;
				INFOPLIST_FILE = Collective/Info.plist;
				LD_RUNPATH_SEARCH_PATHS = (
					"$(inherited)",
					"@executable_path/Frameworks",
				);
				PRODUCT_BUNDLE_IDENTIFIER = com.makeschool.Collective;
				PRODUCT_NAME = "$(TARGET_NAME)";
				SWIFT_VERSION = 5.0;
				TARGETED_DEVICE_FAMILY = "1,2";
			};
			name = Release;
		};
		2971779A25A8695F00A32278 /* Debug */ = {
			isa = XCBuildConfiguration;
			buildSettings = {
				ALWAYS_EMBED_SWIFT_STANDARD_LIBRARIES = YES;
				BUNDLE_LOADER = "$(TEST_HOST)";
				CODE_SIGN_STYLE = Automatic;
				DEVELOPMENT_TEAM = U774TM88M6;
				INFOPLIST_FILE = CollectiveTests/Info.plist;
				IPHONEOS_DEPLOYMENT_TARGET = 13.2;
				LD_RUNPATH_SEARCH_PATHS = (
					"$(inherited)",
					"@executable_path/Frameworks",
					"@loader_path/Frameworks",
				);
				PRODUCT_BUNDLE_IDENTIFIER = com.makeschool.CollectiveTests;
				PRODUCT_NAME = "$(TARGET_NAME)";
				SWIFT_VERSION = 5.0;
				TARGETED_DEVICE_FAMILY = "1,2";
				TEST_HOST = "$(BUILT_PRODUCTS_DIR)/Collective.app/Collective";
			};
			name = Debug;
		};
		2971779B25A8695F00A32278 /* Release */ = {
			isa = XCBuildConfiguration;
			buildSettings = {
				ALWAYS_EMBED_SWIFT_STANDARD_LIBRARIES = YES;
				BUNDLE_LOADER = "$(TEST_HOST)";
				CODE_SIGN_STYLE = Automatic;
				DEVELOPMENT_TEAM = U774TM88M6;
				INFOPLIST_FILE = CollectiveTests/Info.plist;
				IPHONEOS_DEPLOYMENT_TARGET = 13.2;
				LD_RUNPATH_SEARCH_PATHS = (
					"$(inherited)",
					"@executable_path/Frameworks",
					"@loader_path/Frameworks",
				);
				PRODUCT_BUNDLE_IDENTIFIER = com.makeschool.CollectiveTests;
				PRODUCT_NAME = "$(TARGET_NAME)";
				SWIFT_VERSION = 5.0;
				TARGETED_DEVICE_FAMILY = "1,2";
				TEST_HOST = "$(BUILT_PRODUCTS_DIR)/Collective.app/Collective";
			};
			name = Release;
		};
		2971779D25A8695F00A32278 /* Debug */ = {
			isa = XCBuildConfiguration;
			buildSettings = {
				ALWAYS_EMBED_SWIFT_STANDARD_LIBRARIES = YES;
				CODE_SIGN_STYLE = Automatic;
				DEVELOPMENT_TEAM = U774TM88M6;
				INFOPLIST_FILE = CollectiveUITests/Info.plist;
				LD_RUNPATH_SEARCH_PATHS = (
					"$(inherited)",
					"@executable_path/Frameworks",
					"@loader_path/Frameworks",
				);
				PRODUCT_BUNDLE_IDENTIFIER = com.makeschool.CollectiveUITests;
				PRODUCT_NAME = "$(TARGET_NAME)";
				SWIFT_VERSION = 5.0;
				TARGETED_DEVICE_FAMILY = "1,2";
				TEST_TARGET_NAME = Collective;
			};
			name = Debug;
		};
		2971779E25A8695F00A32278 /* Release */ = {
			isa = XCBuildConfiguration;
			buildSettings = {
				ALWAYS_EMBED_SWIFT_STANDARD_LIBRARIES = YES;
				CODE_SIGN_STYLE = Automatic;
				DEVELOPMENT_TEAM = U774TM88M6;
				INFOPLIST_FILE = CollectiveUITests/Info.plist;
				LD_RUNPATH_SEARCH_PATHS = (
					"$(inherited)",
					"@executable_path/Frameworks",
					"@loader_path/Frameworks",
				);
				PRODUCT_BUNDLE_IDENTIFIER = com.makeschool.CollectiveUITests;
				PRODUCT_NAME = "$(TARGET_NAME)";
				SWIFT_VERSION = 5.0;
				TARGETED_DEVICE_FAMILY = "1,2";
				TEST_TARGET_NAME = Collective;
			};
			name = Release;
		};
/* End XCBuildConfiguration section */

/* Begin XCConfigurationList section */
		2971776525A8695C00A32278 /* Build configuration list for PBXProject "Collective" */ = {
			isa = XCConfigurationList;
			buildConfigurations = (
				2971779425A8695F00A32278 /* Debug */,
				2971779525A8695F00A32278 /* Release */,
			);
			defaultConfigurationIsVisible = 0;
			defaultConfigurationName = Release;
		};
		2971779625A8695F00A32278 /* Build configuration list for PBXNativeTarget "Collective" */ = {
			isa = XCConfigurationList;
			buildConfigurations = (
				2971779725A8695F00A32278 /* Debug */,
				2971779825A8695F00A32278 /* Release */,
			);
			defaultConfigurationIsVisible = 0;
			defaultConfigurationName = Release;
		};
		2971779925A8695F00A32278 /* Build configuration list for PBXNativeTarget "CollectiveTests" */ = {
			isa = XCConfigurationList;
			buildConfigurations = (
				2971779A25A8695F00A32278 /* Debug */,
				2971779B25A8695F00A32278 /* Release */,
			);
			defaultConfigurationIsVisible = 0;
			defaultConfigurationName = Release;
		};
		2971779C25A8695F00A32278 /* Build configuration list for PBXNativeTarget "CollectiveUITests" */ = {
			isa = XCConfigurationList;
			buildConfigurations = (
				2971779D25A8695F00A32278 /* Debug */,
				2971779E25A8695F00A32278 /* Release */,
			);
			defaultConfigurationIsVisible = 0;
			defaultConfigurationName = Release;
		};
/* End XCConfigurationList section */
	};
	rootObject = 2971776225A8695C00A32278 /* Project object */;
}
